<Solution>
  <Folder Name="/src/">
    <Project Path="src/CourseHub.API/CourseHub.API.csproj" />
    <Project Path="src/CourseHub.Application/CourseHub.Application.csproj" />
    <Project Path="src/CourseHub.Domain/CourseHub.Domain.csproj" />
    <Project Path="src/CourseHub.Infrastructure/CourseHub.Infrastructure.csproj" />
  </Folder>
</Solution>
